
Microsoft Visual Studio Solution File, Format Version 12.00
# Visual Studio Version 17
VisualStudioVersion = 17.14.36401.2 d17.14
MinimumVisualStudioVersion = 10.0.40219.1
Project("{FAE04EC0-301F-11D3-BF4B-00C04F79EFBC}") = "API CRUD", "API CRUD\API CRUD.csproj", "{91204A13-0AC5-4A8D-87D5-3DD000064B15}"
EndProject
Global
	GlobalSection(SolutionConfigurationPlatforms) = preSolution
		Debug|Any CPU = Debug|Any CPU
		Release|Any CPU = Release|Any CPU
	EndGlobalSection
	GlobalSection(ProjectConfigurationPlatforms) = postSolution
		{91204A13-0AC5-4A8D-87D5-3DD000064B15}.Debug|Any CPU.ActiveCfg = Debug|Any CPU
		{91204A13-0AC5-4A8D-87D5-3DD000064B15}.Debug|Any CPU.Build.0 = Debug|Any CPU
		{91204A13-0AC5-4A8D-87D5-3DD000064B15}.Release|Any CPU.ActiveCfg = Release|Any CPU
		{91204A13-0AC5-4A8D-87D5-3DD000064B15}.Release|Any CPU.Build.0 = Release|Any CPU
	EndGlobalSection
	GlobalSection(SolutionProperties) = preSolution
		HideSolutionNode = FALSE
	EndGlobalSection
	GlobalSection(ExtensibilityGlobals) = postSolution
		SolutionGuid = {24D6DFA3-BF96-4AC1-901B-3181F15A800D}
	EndGlobalSection
EndGlobal
